
Microsoft Visual Studio Solution File, Format Version 12.00
# Visual Studio 15
VisualStudioVersion = 15.0.28307.421
MinimumVisualStudioVersion = 10.0.40219.1
Project("{FAE04EC0-301F-11D3-BF4B-00C04F79EFBC}") = "Web-Rest-DvirAriel", "Web-Rest-DvirAriel\Web-Rest-DvirAriel.csproj", "{F6EFC9F2-9783-47FB-9152-425F1ACA06BF}"
EndProject
Global
	GlobalSection(SolutionConfigurationPlatforms) = preSolution
		Debug|Any CPU = Debug|Any CPU
		Release|Any CPU = Release|Any CPU
	EndGlobalSection
	GlobalSection(ProjectConfigurationPlatforms) = postSolution
		{F6EFC9F2-9783-47FB-9152-425F1ACA06BF}.Debug|Any CPU.ActiveCfg = Debug|Any CPU
		{F6EFC9F2-9783-47FB-9152-425F1ACA06BF}.Debug|Any CPU.Build.0 = Debug|Any CPU
		{F6EFC9F2-9783-47FB-9152-425F1ACA06BF}.Release|Any CPU.ActiveCfg = Release|Any CPU
		{F6EFC9F2-9783-47FB-9152-425F1ACA06BF}.Release|Any CPU.Build.0 = Release|Any CPU
	EndGlobalSection
	GlobalSection(SolutionProperties) = preSolution
		HideSolutionNode = FALSE
	EndGlobalSection
	GlobalSection(ExtensibilityGlobals) = postSolution
		SolutionGuid = {E11D1E98-E048-4B19-911B-FEA55F1D9659}
	EndGlobalSection
EndGlobal
